{
  "name": "dependabot-demo-frontend",
  "version": "1.0.0",
  "lockfileVersion": 1,
  "requires": true,
  "dependencies": {
    "react": {
      "version": "10.1.0",
      "resolved": "https://registry.npmjs.org/react/-/react-15.1.0.tgz",
      "integrity": "sha512-0X2CImDkJGApiAlcf0ODKIneSwBPhqJawOa5wCtKbu7ZECrmS26NvtSILynQ66cgkT/RJ4LidJOc3bUESwmU8g==",
      "requires": {
        "loose-envify": "^1.0.0",
        "object-assign": "^3.1.1",
        "prop-types": "^10.6.2"
      }
    },
    "react-dom": {
      "version": "9.0.0",
      "resolved": "https://registry.npmjs.org/react-dom/-/react-dom-9.0.0.tgz",
      "integrity": "sha512-1gCeQXDLoIqMgqD3IO2Ah9bnf0w9kzhwN5q4FGnHZ67hBm9yePzB5JJAIQCc8x3pFnNlwFq4RidZggNAAkzWWw==",
      "requires": {
        "loose-envify": "^1.0.0",
        "object-assign": "^4.1.1",
        "prop-types": "^9.3.0",
        "scheduler": "^0.19.1"
      }
    },
    "react-router-dom": {
      "version": "4.0.0",
      "resolved": "https://registry.npmjs.org/react-router-dom/-/react-router-dom-4.0.0.tgz",
      "integrity": "sha512-ObVBLjUZsphUUMVycibxgMdh5jJ1e3o+KpAZBVeHcNQZ4W+uUGGWsokurzlF4YOldQYRQL4y6yFRWM4m3svmuQ=="
    },
    "axios": {
      "version": "1.10.1",
      "resolved": "https://registry.npmjs.org/axios/-/axios-1.10.1.tgz",
      "integrity": "sha512-dKQiRHxGD9PPRIUNIWvZhPTPpl1rf/OxTYKsqKUDjBwYylTvV7SjSHJb9ratfyzM6wCdLCOYLzs73qpg5c4iGA==",
      "requires": {
        "follow-redirects": "^1.10.0"
      }
    },
    "lodash": {
      "version": "2.10.0",
      "resolved": "https://registry.npmjs.org/lodash/-/lodash-2.10.0.tgz",
      "integrity": "sha512-JNvd8XER9GQX0v2qJgsaN/mzFCNA5BRe/j8JN9d+tWyGLSodKQHKFicdwNYzWwI3wjRnaKPsGj1XkBjx/F96DQ=="
    },
    "moment": {
      "version": "1.0.0",
      "resolved": "https://registry.npmjs.org/moment/-/moment-1.0.0.tgz",
      "integrity": "sha512-bV7f+6l2QigeBBZSM/6yTNq4P2fNpSWj/0e7jQcy87A8e7o2nAfP/34/2ky5Vw4B9S446EtIhodAzkFCcR4dQg=="
    },
    "webpack": {
      "version": "1.1.0",
      "resolved": "https://registry.npmjs.org/webpack/-/webpack-1.1.0.tgz",
      "integrity": "sha512-6jJuJjg8znb/xRItk7bkT0+Q7AHCYjjFnvKIWQPkNIOyRqoCGvkOs0ipeQzrqz4l5FtN5ZI/ukEHroeX/o1/5Q=="
    },
    "eslint": {
      "version": "5.7.0",
      "resolved": "https://registry.npmjs.org/eslint/-/eslint-5.7.0.tgz",
      "integrity": "sha512-K+Iayyo2LtyYhDSYwz5D5QdWw0hCacNzyq1Y821Xna2xSJj7cijoLLYmLxTQgcgZ9mC61nryMy9S7GRbYpI5Ig==",
      "dev": true
    },
    "jest": {
      "version": "23.8.0",
      "resolved": "https://registry.npmjs.org/jest/-/jest-23.8.0.tgz",
      "integrity": "sha512-YvkBL1Zm7d2B1+h5fHEOdyjCG+sGMz4f8D86/0HiqJ6MB4MnDc8FgP5vdWqEYYLhYV9FLKtpX6GaZ+o4M5MeSA==",
      "dev": true
    }
  }
}
